
Microsoft Visual Studio Solution File, Format Version 12.00
# Visual Studio Version 16
VisualStudioVersion = 16.0.29306.81
MinimumVisualStudioVersion = 10.0.40219.1
Project("{FAE04EC0-301F-11D3-BF4B-00C04F79EFBC}") = "Desafio", "Desafio.csproj", "{29B13261-6661-4680-910E-20A273CF8E68}"
EndProject
Project("{FAE04EC0-301F-11D3-BF4B-00C04F79EFBC}") = "Interagindo_Sites", "..\Interagindo_Sites\Interagindo_Sites.csproj", "{AACD5813-7C7A-4F70-B2FD-EA4560B15D86}"
EndProject
Global
	GlobalSection(SolutionConfigurationPlatforms) = preSolution
		Debug|Any CPU = Debug|Any CPU
		Release|Any CPU = Release|Any CPU
	EndGlobalSection
	GlobalSection(ProjectConfigurationPlatforms) = postSolution
		{29B13261-6661-4680-910E-20A273CF8E68}.Debug|Any CPU.ActiveCfg = Debug|Any CPU
		{29B13261-6661-4680-910E-20A273CF8E68}.Debug|Any CPU.Build.0 = Debug|Any CPU
		{29B13261-6661-4680-910E-20A273CF8E68}.Release|Any CPU.ActiveCfg = Release|Any CPU
		{29B13261-6661-4680-910E-20A273CF8E68}.Release|Any CPU.Build.0 = Release|Any CPU
		{AACD5813-7C7A-4F70-B2FD-EA4560B15D86}.Debug|Any CPU.ActiveCfg = Debug|Any CPU
		{AACD5813-7C7A-4F70-B2FD-EA4560B15D86}.Debug|Any CPU.Build.0 = Debug|Any CPU
		{AACD5813-7C7A-4F70-B2FD-EA4560B15D86}.Release|Any CPU.ActiveCfg = Release|Any CPU
		{AACD5813-7C7A-4F70-B2FD-EA4560B15D86}.Release|Any CPU.Build.0 = Release|Any CPU
	EndGlobalSection
	GlobalSection(SolutionProperties) = preSolution
		HideSolutionNode = FALSE
	EndGlobalSection
	GlobalSection(ExtensibilityGlobals) = postSolution
		SolutionGuid = {750E2714-D43C-4374-9DC5-9F2E3570FE89}
	EndGlobalSection
EndGlobal
